{
  "name": "uni-query",
  "version": "0.1.0",
  "lockfileVersion": 3,
  "requires": true,
  "packages": {
    "": {
      "name": "uni-query",
      "version": "0.1.0",
      "license": "MIT",
      "dependencies": {
        "vislite": "^0.5.2"
      },
      "devDependencies": {
        "devby": "^0.5.1",
        "zdebug.js": "^0.2.0-beta.1"
      }
    },
    "node_modules/devby": {
      "version": "0.5.1",
      "resolved": "https://registry.npmjs.org/devby/-/devby-0.5.1.tgz",
      "integrity": "sha512-nl+VatPmF2/ZsuNwITxxPeMcGQ0OhxNODWFtnaaOi8shWpcUOukzA/6cILqzgR7ZJET+AYbppqdwFUOr6P3cHg==",
      "dev": true,
      "bin": {
        "devby": "bin/run"
      }
    },
    "node_modules/vislite": {
      "version": "0.5.2",
      "resolved": "https://registry.npmjs.org/vislite/-/vislite-0.5.2.tgz",
      "integrity": "sha512-YSQ/tlWH+W0YnL1Iez+pC6gHb8U1a+cNtp+Zn7FmXTG1lKsR158k9H6IXtUxZCRV7J1/MWLONJ/fwBusqctMTw=="
    },
    "node_modules/zdebug.js": {
      "version": "0.2.0-beta.1",
      "resolved": "https://registry.npmjs.org/zdebug.js/-/zdebug.js-0.2.0-beta.1.tgz",
      "integrity": "sha512-S8LNkq1OBYG8lB+Z8U6ngEROI8w2iRumHvpxLEq5DqVXBF7M3UTy/tww7WZK4bLXndLJHfifvw+nLtwpXUh3PQ==",
      "dev": true
    }
  }
}
